
Microsoft Visual Studio Solution File, Format Version 12.00
# Visual Studio Version 16
VisualStudioVersion = 16.0.31410.357
MinimumVisualStudioVersion = 10.0.40219.1
Project("{FAE04EC0-301F-11D3-BF4B-00C04F79EFBC}") = "FindFilesWithText", "FindFilesWithText\FindFilesWithText.csproj", "{66BCC7D3-D11C-484A-AE78-5791A18AD29A}"
EndProject
Global
	GlobalSection(SolutionConfigurationPlatforms) = preSolution
		Debug|Any CPU = Debug|Any CPU
		Release|Any CPU = Release|Any CPU
	EndGlobalSection
	GlobalSection(ProjectConfigurationPlatforms) = postSolution
		{66BCC7D3-D11C-484A-AE78-5791A18AD29A}.Debug|Any CPU.ActiveCfg = Debug|Any CPU
		{66BCC7D3-D11C-484A-AE78-5791A18AD29A}.Debug|Any CPU.Build.0 = Debug|Any CPU
		{66BCC7D3-D11C-484A-AE78-5791A18AD29A}.Release|Any CPU.ActiveCfg = Release|Any CPU
		{66BCC7D3-D11C-484A-AE78-5791A18AD29A}.Release|Any CPU.Build.0 = Release|Any CPU
	EndGlobalSection
	GlobalSection(SolutionProperties) = preSolution
		HideSolutionNode = FALSE
	EndGlobalSection
	GlobalSection(ExtensibilityGlobals) = postSolution
		SolutionGuid = {029D54AB-698F-43A6-81BF-2306C94D6690}
	EndGlobalSection
EndGlobal
